// !$*UTF8*$!
{
	archiveVersion = 1;
	classes = {
	};
	objectVersion = 46;
	objects = {

/* Begin PBXBuildFile section */
		3007975B19B19BBB0008A7A0 /* Foundation.framework in Frameworks */ = {isa = PBXBuildFile; fileRef = 3007975A19B19BBB0008A7A0 /* Foundation.framework */; };
		3007975D19B19BBB0008A7A0 /* CoreGraphics.framework in Frameworks */ = {isa = PBXBuildFile; fileRef = 3007975C19B19BBB0008A7A0 /* CoreGraphics.framework */; };
		3007975F19B19BBB0008A7A0 /* UIKit.framework in Frameworks */ = {isa = PBXBuildFile; fileRef = 3007975E19B19BBB0008A7A0 /* UIKit.framework */; };
		3007976519B19BBB0008A7A0 /* InfoPlist.strings in Resources */ = {isa = PBXBuildFile; fileRef = 3007976319B19BBB0008A7A0 /* InfoPlist.strings */; };
		3007976719B19BBB0008A7A0 /* main.m in Sources */ = {isa = PBXBuildFile; fileRef = 3007976619B19BBB0008A7A0 /* main.m */; };
		3007976B19B19BBB0008A7A0 /* JGiAppDelegate.m in Sources */ = {isa = PBXBuildFile; fileRef = 3007976A19B19BBB0008A7A0 /* JGiAppDelegate.m */; };
		3007976E19B19BBB0008A7A0 /* Main.storyboard in Resources */ = {isa = PBXBuildFile; fileRef = 3007976C19B19BBB0008A7A0 /* Main.storyboard */; };
		3007977119B19BBB0008A7A0 /* JGiViewController.m in Sources */ = {isa = PBXBuildFile; fileRef = 3007977019B19BBB0008A7A0 /* JGiViewController.m */; };
		3007977319B19BBB0008A7A0 /* Images.xcassets in Resources */ = {isa = PBXBuildFile; fileRef = 3007977219B19BBB0008A7A0 /* Images.xcassets */; };
		3007977A19B19BBB0008A7A0 /* XCTest.framework in Frameworks */ = {isa = PBXBuildFile; fileRef = 3007977919B19BBB0008A7A0 /* XCTest.framework */; };
		3007977B19B19BBB0008A7A0 /* Foundation.framework in Frameworks */ = {isa = PBXBuildFile; fileRef = 3007975A19B19BBB0008A7A0 /* Foundation.framework */; };
		3007977C19B19BBB0008A7A0 /* UIKit.framework in Frameworks */ = {isa = PBXBuildFile; fileRef = 3007975E19B19BBB0008A7A0 /* UIKit.framework */; };
		3007978419B19BBB0008A7A0 /* InfoPlist.strings in Resources */ = {isa = PBXBuildFile; fileRef = 3007978219B19BBB0008A7A0 /* InfoPlist.strings */; };
		3007978619B19BBB0008A7A0 /* TheChallengeUIViewTests.m in Sources */ = {isa = PBXBuildFile; fileRef = 3007978519B19BBB0008A7A0 /* TheChallengeUIViewTests.m */; };
/* End PBXBuildFile section */

/* Begin PBXContainerItemProxy section */
		3007977D19B19BBB0008A7A0 /* PBXContainerItemProxy */ = {
			isa = PBXContainerItemProxy;
			containerPortal = 3007974F19B19BBB0008A7A0 /* Project object */;
			proxyType = 1;
			remoteGlobalIDString = 3007975619B19BBB0008A7A0;
			remoteInfo = TheChallengeUIView;
		};
/* End PBXContainerItemProxy section */

/* Begin PBXFileReference section */
		3007975719B19BBB0008A7A0 /* TheChallengeUIView.app */ = {isa = PBXFileReference; explicitFileType = wrapper.application; includeInIndex = 0; path = TheChallengeUIView.app; sourceTree = BUILT_PRODUCTS_DIR; };
		3007975A19B19BBB0008A7A0 /* Foundation.framework */ = {isa = PBXFileReference; lastKnownFileType = wrapper.framework; name = Foundation.framework; path = System/Library/Frameworks/Foundation.framework; sourceTree = SDKROOT; };
		3007975C19B19BBB0008A7A0 /* CoreGraphics.framework */ = {isa = PBXFileReference; lastKnownFileType = wrapper.framework; name = CoreGraphics.framework; path = System/Library/Frameworks/CoreGraphics.framework; sourceTree = SDKROOT; };
		3007975E19B19BBB0008A7A0 /* UIKit.framework */ = {isa = PBXFileReference; lastKnownFileType = wrapper.framework; name = UIKit.framework; path = System/Library/Frameworks/UIKit.framework; sourceTree = SDKROOT; };
		3007976219B19BBB0008A7A0 /* TheChallengeUIView-Info.plist */ = {isa = PBXFileReference; lastKnownFileType = text.plist.xml; path = "TheChallengeUIView-Info.plist"; sourceTree = "<group>"; };
		3007976419B19BBB0008A7A0 /* en */ = {isa = PBXFileReference; lastKnownFileType = text.plist.strings; name = en; path = en.lproj/InfoPlist.strings; sourceTree = "<group>"; };
		3007976619B19BBB0008A7A0 /* main.m */ = {isa = PBXFileReference; lastKnownFileType = sourcecode.c.objc; path = main.m; sourceTree = "<group>"; };
		3007976819B19BBB0008A7A0 /* TheChallengeUIView-Prefix.pch */ = {isa = PBXFileReference; lastKnownFileType = sourcecode.c.h; path = "TheChallengeUIView-Prefix.pch"; sourceTree = "<group>"; };
		3007976919B19BBB0008A7A0 /* JGiAppDelegate.h */ = {isa = PBXFileReference; lastKnownFileType = sourcecode.c.h; path = JGiAppDelegate.h; sourceTree = "<group>"; };
		3007976A19B19BBB0008A7A0 /* JGiAppDelegate.m */ = {isa = PBXFileReference; lastKnownFileType = sourcecode.c.objc; path = JGiAppDelegate.m; sourceTree = "<group>"; };
		3007976D19B19BBB0008A7A0 /* Base */ = {isa = PBXFileReference; lastKnownFileType = file.storyboard; name = Base; path = Base.lproj/Main.storyboard; sourceTree = "<group>"; };
		3007976F19B19BBB0008A7A0 /* JGiViewController.h */ = {isa = PBXFileReference; lastKnownFileType = sourcecode.c.h; path = JGiViewController.h; sourceTree = "<group>"; };
		3007977019B19BBB0008A7A0 /* JGiViewController.m */ = {isa = PBXFileReference; lastKnownFileType = sourcecode.c.objc; path = JGiViewController.m; sourceTree = "<group>"; };
		3007977219B19BBB0008A7A0 /* Images.xcassets */ = {isa = PBXFileReference; lastKnownFileType = folder.assetcatalog; path = Images.xcassets; sourceTree = "<group>"; };
		3007977819B19BBB0008A7A0 /* TheChallengeUIViewTests.xctest */ = {isa = PBXFileReference; explicitFileType = wrapper.cfbundle; includeInIndex = 0; path = TheChallengeUIViewTests.xctest; sourceTree = BUILT_PRODUCTS_DIR; };
		3007977919B19BBB0008A7A0 /* XCTest.framework */ = {isa = PBXFileReference; lastKnownFileType = wrapper.framework; name = XCTest.framework; path = Library/Frameworks/XCTest.framework; sourceTree = DEVELOPER_DIR; };
		3007978119B19BBB0008A7A0 /* TheChallengeUIViewTests-Info.plist */ = {isa = PBXFileReference; lastKnownFileType = text.plist.xml; path = "TheChallengeUIViewTests-Info.plist"; sourceTree = "<group>"; };
		3007978319B19BBB0008A7A0 /* en */ = {isa = PBXFileReference; lastKnownFileType = text.plist.strings; name = en; path = en.lproj/InfoPlist.strings; sourceTree = "<group>"; };
		3007978519B19BBB0008A7A0 /* TheChallengeUIViewTests.m */ = {isa = PBXFileReference; lastKnownFileType = sourcecode.c.objc; path = TheChallengeUIViewTests.m; sourceTree = "<group>"; };
/* End PBXFileReference section */

/* Begin PBXFrameworksBuildPhase section */
		3007975419B19BBB0008A7A0 /* Frameworks */ = {
			isa = PBXFrameworksBuildPhase;
			buildActionMask = 2147483647;
			files = (
				3007975D19B19BBB0008A7A0 /* CoreGraphics.framework in Frameworks */,
				3007975F19B19BBB0008A7A0 /* UIKit.framework in Frameworks */,
				3007975B19B19BBB0008A7A0 /* Foundation.framework in Frameworks */,
			);
			runOnlyForDeploymentPostprocessing = 0;
		};
		3007977519B19BBB0008A7A0 /* Frameworks */ = {
			isa = PBXFrameworksBuildPhase;
			buildActionMask = 2147483647;
			files = (
				3007977A19B19BBB0008A7A0 /* XCTest.framework in Frameworks */,
				3007977C19B19BBB0008A7A0 /* UIKit.framework in Frameworks */,
				3007977B19B19BBB0008A7A0 /* Foundation.framework in Frameworks */,
			);
			runOnlyForDeploymentPostprocessing = 0;
		};
/* End PBXFrameworksBuildPhase section */

/* Begin PBXGroup section */
		3007974E19B19BBB0008A7A0 = {
			isa = PBXGroup;
			children = (
				3007976019B19BBB0008A7A0 /* TheChallengeUIView */,
				3007977F19B19BBB0008A7A0 /* TheChallengeUIViewTests */,
				3007975919B19BBB0008A7A0 /* Frameworks */,
				3007975819B19BBB0008A7A0 /* Products */,
			);
			sourceTree = "<group>";
		};
		3007975819B19BBB0008A7A0 /* Products */ = {
			isa = PBXGroup;
			children = (
				3007975719B19BBB0008A7A0 /* TheChallengeUIView.app */,
				3007977819B19BBB0008A7A0 /* TheChallengeUIViewTests.xctest */,
			);
			name = Products;
			sourceTree = "<group>";
		};
		3007975919B19BBB0008A7A0 /* Frameworks */ = {
			isa = PBXGroup;
			children = (
				3007975A19B19BBB0008A7A0 /* Foundation.framework */,
				3007975C19B19BBB0008A7A0 /* CoreGraphics.framework */,
				3007975E19B19BBB0008A7A0 /* UIKit.framework */,
				3007977919B19BBB0008A7A0 /* XCTest.framework */,
			);
			name = Frameworks;
			sourceTree = "<group>";
		};
		3007976019B19BBB0008A7A0 /* TheChallengeUIView */ = {
			isa = PBXGroup;
			children = (
				3007976919B19BBB0008A7A0 /* JGiAppDelegate.h */,
				3007976A19B19BBB0008A7A0 /* JGiAppDelegate.m */,
				3007976C19B19BBB0008A7A0 /* Main.storyboard */,
				3007976F19B19BBB0008A7A0 /* JGiViewController.h */,
				3007977019B19BBB0008A7A0 /* JGiViewController.m */,
				3007977219B19BBB0008A7A0 /* Images.xcassets */,
				3007976119B19BBB0008A7A0 /* Supporting Files */,
			);
			path = TheChallengeUIView;
			sourceTree = "<group>";
		};
		3007976119B19BBB0008A7A0 /* Supporting Files */ = {
			isa = PBXGroup;
			children = (
				3007976219B19BBB0008A7A0 /* TheChallengeUIView-Info.plist */,
				3007976319B19BBB0008A7A0 /* InfoPlist.strings */,
				3007976619B19BBB0008A7A0 /* main.m */,
				3007976819B19BBB0008A7A0 /* TheChallengeUIView-Prefix.pch */,
			);
			name = "Supporting Files";
			sourceTree = "<group>";
		};
		3007977F19B19BBB0008A7A0 /* TheChallengeUIViewTests */ = {
			isa = PBXGroup;
			children = (
				3007978519B19BBB0008A7A0 /* TheChallengeUIViewTests.m */,
				3007978019B19BBB0008A7A0 /* Supporting Files */,
			);
			path = TheChallengeUIViewTests;
			sourceTree = "<group>";
		};
		3007978019B19BBB0008A7A0 /* Supporting Files */ = {
			isa = PBXGroup;
			children = (
				3007978119B19BBB0008A7A0 /* TheChallengeUIViewTests-Info.plist */,
				3007978219B19BBB0008A7A0 /* InfoPlist.strings */,
			);
			name = "Supporting Files";
			sourceTree = "<group>";
		};
/* End PBXGroup section */

/* Begin PBXNativeTarget section */
		3007975619B19BBB0008A7A0 /* TheChallengeUIView */ = {
			isa = PBXNativeTarget;
			buildConfigurationList = 3007978919B19BBB0008A7A0 /* Build configuration list for PBXNativeTarget "TheChallengeUIView" */;
			buildPhases = (
				3007975319B19BBB0008A7A0 /* Sources */,
				3007975419B19BBB0008A7A0 /* Frameworks */,
				3007975519B19BBB0008A7A0 /* Resources */,
			);
			buildRules = (
			);
			dependencies = (
			);
			name = TheChallengeUIView;
			productName = TheChallengeUIView;
			productReference = 3007975719B19BBB0008A7A0 /* TheChallengeUIView.app */;
			productType = "com.apple.product-type.application";
		};
		3007977719B19BBB0008A7A0 /* TheChallengeUIViewTests */ = {
			isa = PBXNativeTarget;
			buildConfigurationList = 3007978C19B19BBB0008A7A0 /* Build configuration list for PBXNativeTarget "TheChallengeUIViewTests" */;
			buildPhases = (
				3007977419B19BBB0008A7A0 /* Sources */,
				3007977519B19BBB0008A7A0 /* Frameworks */,
				3007977619B19BBB0008A7A0 /* Resources */,
			);
			buildRules = (
			);
			dependencies = (
				3007977E19B19BBB0008A7A0 /* PBXTargetDependency */,
			);
			name = TheChallengeUIViewTests;
			productName = TheChallengeUIViewTests;
			productReference = 3007977819B19BBB0008A7A0 /* TheChallengeUIViewTests.xctest */;
			productType = "com.apple.product-type.bundle.unit-test";
		};
/* End PBXNativeTarget section */

/* Begin PBXProject section */
		3007974F19B19BBB0008A7A0 /* Project object */ = {
			isa = PBXProject;
			attributes = {
				CLASSPREFIX = JGi;
				LastUpgradeCheck = 0510;
				ORGANIZATIONNAME = "Jio Gi";
				TargetAttributes = {
					3007977719B19BBB0008A7A0 = {
						TestTargetID = 3007975619B19BBB0008A7A0;
					};
				};
			};
			buildConfigurationList = 3007975219B19BBB0008A7A0 /* Build configuration list for PBXProject "TheChallengeUIView" */;
			compatibilityVersion = "Xcode 3.2";
			developmentRegion = English;
			hasScannedForEncodings = 0;
			knownRegions = (
				en,
				Base,
			);
			mainGroup = 3007974E19B19BBB0008A7A0;
			productRefGroup = 3007975819B19BBB0008A7A0 /* Products */;
			projectDirPath = "";
			projectRoot = "";
			targets = (
				3007975619B19BBB0008A7A0 /* TheChallengeUIView */,
				3007977719B19BBB0008A7A0 /* TheChallengeUIViewTests */,
			);
		};
/* End PBXProject section */

/* Begin PBXResourcesBuildPhase section */
		3007975519B19BBB0008A7A0 /* Resources */ = {
			isa = PBXResourcesBuildPhase;
			buildActionMask = 2147483647;
			files = (
				3007977319B19BBB0008A7A0 /* Images.xcassets in Resources */,
				3007976519B19BBB0008A7A0 /* InfoPlist.strings in Resources */,
				3007976E19B19BBB0008A7A0 /* Main.storyboard in Resources */,
			);
			runOnlyForDeploymentPostprocessing = 0;
		};
		3007977619B19BBB0008A7A0 /* Resources */ = {
			isa = PBXResourcesBuildPhase;
			buildActionMask = 2147483647;
			files = (
				3007978419B19BBB0008A7A0 /* InfoPlist.strings in Resources */,
			);
			runOnlyForDeploymentPostprocessing = 0;
		};
/* End PBXResourcesBuildPhase section */

/* Begin PBXSourcesBuildPhase section */
		3007975319B19BBB0008A7A0 /* Sources */ = {
			isa = PBXSourcesBuildPhase;
			buildActionMask = 2147483647;
			files = (
				3007977119B19BBB0008A7A0 /* JGiViewController.m in Sources */,
				3007976719B19BBB0008A7A0 /* main.m in Sources */,
				3007976B19B19BBB0008A7A0 /* JGiAppDelegate.m in Sources */,
			);
			runOnlyForDeploymentPostprocessing = 0;
		};
		3007977419B19BBB0008A7A0 /* Sources */ = {
			isa = PBXSourcesBuildPhase;
			buildActionMask = 2147483647;
			files = (
				3007978619B19BBB0008A7A0 /* TheChallengeUIViewTests.m in Sources */,
			);
			runOnlyForDeploymentPostprocessing = 0;
		};
/* End PBXSourcesBuildPhase section */

/* Begin PBXTargetDependency section */
		3007977E19B19BBB0008A7A0 /* PBXTargetDependency */ = {
			isa = PBXTargetDependency;
			target = 3007975619B19BBB0008A7A0 /* TheChallengeUIView */;
			targetProxy = 3007977D19B19BBB0008A7A0 /* PBXContainerItemProxy */;
		};
/* End PBXTargetDependency section */

/* Begin PBXVariantGroup section */
		3007976319B19BBB0008A7A0 /* InfoPlist.strings */ = {
			isa = PBXVariantGroup;
			children = (
				3007976419B19BBB0008A7A0 /* en */,
			);
			name = InfoPlist.strings;
			sourceTree = "<group>";
		};
		3007976C19B19BBB0008A7A0 /* Main.storyboard */ = {
			isa = PBXVariantGroup;
			children = (
				3007976D19B19BBB0008A7A0 /* Base */,
			);
			name = Main.storyboard;
			sourceTree = "<group>";
		};
		3007978219B19BBB0008A7A0 /* InfoPlist.strings */ = {
			isa = PBXVariantGroup;
			children = (
				3007978319B19BBB0008A7A0 /* en */,
			);
			name = InfoPlist.strings;
			sourceTree = "<group>";
		};
/* End PBXVariantGroup section */

/* Begin XCBuildConfiguration section */
		3007978719B19BBB0008A7A0 /* Debug */ = {
			isa = XCBuildConfiguration;
			buildSettings = {
				ALWAYS_SEARCH_USER_PATHS = NO;
				CLANG_CXX_LANGUAGE_STANDARD = "gnu++0x";
				CLANG_CXX_LIBRARY = "libc++";
				CLANG_ENABLE_MODULES = YES;
				CLANG_ENABLE_OBJC_ARC = YES;
				CLANG_WARN_BOOL_CONVERSION = YES;
				CLANG_WARN_CONSTANT_CONVERSION = YES;
				CLANG_WARN_DIRECT_OBJC_ISA_USAGE = YES_ERROR;
				CLANG_WARN_EMPTY_BODY = YES;
				CLANG_WARN_ENUM_CONVERSION = YES;
				CLANG_WARN_INT_CONVERSION = YES;
				CLANG_WARN_OBJC_ROOT_CLASS = YES_ERROR;
				CLANG_WARN__DUPLICATE_METHOD_MATCH = YES;
				"CODE_SIGN_IDENTITY[sdk=iphoneos*]" = "iPhone Developer";
				COPY_PHASE_STRIP = NO;
				GCC_C_LANGUAGE_STANDARD = gnu99;
				GCC_DYNAMIC_NO_PIC = NO;
				GCC_OPTIMIZATION_LEVEL = 0;
				GCC_PREPROCESSOR_DEFINITIONS = (
					"DEBUG=1",
					"$(inherited)",
				);
				GCC_SYMBOLS_PRIVATE_EXTERN = NO;
				GCC_WARN_64_TO_32_BIT_CONVERSION = YES;
				GCC_WARN_ABOUT_RETURN_TYPE = YES_ERROR;
				GCC_WARN_UNDECLARED_SELECTOR = YES;
				GCC_WARN_UNINITIALIZED_AUTOS = YES_AGGRESSIVE;
				GCC_WARN_UNUSED_FUNCTION = YES;
				GCC_WARN_UNUSED_VARIABLE = YES;
				IPHONEOS_DEPLOYMENT_TARGET = 7.1;
				ONLY_ACTIVE_ARCH = YES;
				SDKROOT = iphoneos;
			};
			name = Debug;
		};
		3007978819B19BBB0008A7A0 /* Release */ = {
			isa = XCBuildConfiguration;
			buildSettings = {
				ALWAYS_SEARCH_USER_PATHS = NO;
				CLANG_CXX_LANGUAGE_STANDARD = "gnu++0x";
				CLANG_CXX_LIBRARY = "libc++";
				CLANG_ENABLE_MODULES = YES;
				CLANG_ENABLE_OBJC_ARC = YES;
				CLANG_WARN_BOOL_CONVERSION = YES;
				CLANG_WARN_CONSTANT_CONVERSION = YES;
				CLANG_WARN_DIRECT_OBJC_ISA_USAGE = YES_ERROR;
				CLANG_WARN_EMPTY_BODY = YES;
				CLANG_WARN_ENUM_CONVERSION = YES;
				CLANG_WARN_INT_CONVERSION = YES;
				CLANG_WARN_OBJC_ROOT_CLASS = YES_ERROR;
				CLANG_WARN__DUPLICATE_METHOD_MATCH = YES;
				"CODE_SIGN_IDENTITY[sdk=iphoneos*]" = "iPhone Developer";
				COPY_PHASE_STRIP = YES;
				ENABLE_NS_ASSERTIONS = NO;
				GCC_C_LANGUAGE_STANDARD = gnu99;
				GCC_WARN_64_TO_32_BIT_CONVERSION = YES;
				GCC_WARN_ABOUT_RETURN_TYPE = YES_ERROR;
				GCC_WARN_UNDECLARED_SELECTOR = YES;
				GCC_WARN_UNINITIALIZED_AUTOS = YES_AGGRESSIVE;
				GCC_WARN_UNUSED_FUNCTION = YES;
				GCC_WARN_UNUSED_VARIABLE = YES;
				IPHONEOS_DEPLOYMENT_TARGET = 7.1;
				SDKROOT = iphoneos;
				VALIDATE_PRODUCT = YES;
			};
			name = Release;
		};
		3007978A19B19BBB0008A7A0 /* Debug */ = {
			isa = XCBuildConfiguration;
			buildSettings = {
				ASSETCATALOG_COMPILER_APPICON_NAME = AppIcon;
				ASSETCATALOG_COMPILER_LAUNCHIMAGE_NAME = LaunchImage;
				GCC_PRECOMPILE_PREFIX_HEADER = YES;
				GCC_PREFIX_HEADER = "TheChallengeUIView/TheChallengeUIView-Prefix.pch";
				INFOPLIST_FILE = "TheChallengeUIView/TheChallengeUIView-Info.plist";
				PRODUCT_NAME = "$(TARGET_NAME)";
				WRAPPER_EXTENSION = app;
			};
			name = Debug;
		};
		3007978B19B19BBB0008A7A0 /* Release */ = {
			isa = XCBuildConfiguration;
			buildSettings = {
				ASSETCATALOG_COMPILER_APPICON_NAME = AppIcon;
				ASSETCATALOG_COMPILER_LAUNCHIMAGE_NAME = LaunchImage;
				GCC_PRECOMPILE_PREFIX_HEADER = YES;
				GCC_PREFIX_HEADER = "TheChallengeUIView/TheChallengeUIView-Prefix.pch";
				INFOPLIST_FILE = "TheChallengeUIView/TheChallengeUIView-Info.plist";
				PRODUCT_NAME = "$(TARGET_NAME)";
				WRAPPER_EXTENSION = app;
			};
			name = Release;
		};
		3007978D19B19BBB0008A7A0 /* Debug */ = {
			isa = XCBuildConfiguration;
			buildSettings = {
				BUNDLE_LOADER = "$(BUILT_PRODUCTS_DIR)/TheChallengeUIView.app/TheChallengeUIView";
				FRAMEWORK_SEARCH_PATHS = (
					"$(SDKROOT)/Developer/Library/Frameworks",
					"$(inherited)",
					"$(DEVELOPER_FRAMEWORKS_DIR)",
				);
				GCC_PRECOMPILE_PREFIX_HEADER = YES;
				GCC_PREFIX_HEADER = "TheChallengeUIView/TheChallengeUIView-Prefix.pch";
				GCC_PREPROCESSOR_DEFINITIONS = (
					"DEBUG=1",
					"$(inherited)",
				);
				INFOPLIST_FILE = "TheChallengeUIViewTests/TheChallengeUIViewTests-Info.plist";
				PRODUCT_NAME = "$(TARGET_NAME)";
				TEST_HOST = "$(BUNDLE_LOADER)";
				WRAPPER_EXTENSION = xctest;
			};
			name = Debug;
		};
		3007978E19B19BBB0008A7A0 /* Release */ = {
			isa = XCBuildConfiguration;
			buildSettings = {
				BUNDLE_LOADER = "$(BUILT_PRODUCTS_DIR)/TheChallengeUIView.app/TheChallengeUIView";
				FRAMEWORK_SEARCH_PATHS = (
					"$(SDKROOT)/Developer/Library/Frameworks",
					"$(inherited)",
					"$(DEVELOPER_FRAMEWORKS_DIR)",
				);
				GCC_PRECOMPILE_PREFIX_HEADER = YES;
				GCC_PREFIX_HEADER = "TheChallengeUIView/TheChallengeUIView-Prefix.pch";
				INFOPLIST_FILE = "TheChallengeUIViewTests/TheChallengeUIViewTests-Info.plist";
				PRODUCT_NAME = "$(TARGET_NAME)";
				TEST_HOST = "$(BUNDLE_LOADER)";
				WRAPPER_EXTENSION = xctest;
			};
			name = Release;
		};
/* End XCBuildConfiguration section */

/* Begin XCConfigurationList section */
		3007975219B19BBB0008A7A0 /* Build configuration list for PBXProject "TheChallengeUIView" */ = {
			isa = XCConfigurationList;
			buildConfigurations = (
				3007978719B19BBB0008A7A0 /* Debug */,
				3007978819B19BBB0008A7A0 /* Release */,
			);
			defaultConfigurationIsVisible = 0;
			defaultConfigurationName = Release;
		};
		3007978919B19BBB0008A7A0 /* Build configuration list for PBXNativeTarget "TheChallengeUIView" */ = {
			isa = XCConfigurationList;
			buildConfigurations = (
				3007978A19B19BBB0008A7A0 /* Debug */,
				3007978B19B19BBB0008A7A0 /* Release */,
			);
			defaultConfigurationIsVisible = 0;
		};
		3007978C19B19BBB0008A7A0 /* Build configuration list for PBXNativeTarget "TheChallengeUIViewTests" */ = {
			isa = XCConfigurationList;
			buildConfigurations = (
				3007978D19B19BBB0008A7A0 /* Debug */,
				3007978E19B19BBB0008A7A0 /* Release */,
			);
			defaultConfigurationIsVisible = 0;
		};
/* End XCConfigurationList section */
	};
	rootObject = 3007974F19B19BBB0008A7A0 /* Project object */;
}
